<?xml version="1.0" encoding="utf-8"?>
<Project ToolsVersion="4.0" xmlns="http://schemas.microsoft.com/developer/msbuild/2003">
  <ItemGroup>
    <Filter Include="Archivos de origen">
      <UniqueIdentifier>{4FC737F1-C7A5-4376-A066-2A32D752A2FF}</UniqueIdentifier>
      <Extensions>cpp;c;cc;cxx;def;odl;idl;hpj;bat;asm;asmx</Extensions>
    </Filter>
    <Filter Include="Archivos de encabezado">
      <UniqueIdentifier>{93995380-89BD-4b04-88EB-625FBE52EBFB}</UniqueIdentifier>
      <Extensions>h;hh;hpp;hxx;hm;inl;inc;ipp;xsd</Extensions>
    </Filter>
    <Filter Include="Archivos de recursos">
      <UniqueIdentifier>{67DA6AB6-F800-4c08-8B7A-83BB121AAD01}</UniqueIdentifier>
      <Extensions>rc;ico;cur;bmp;dlg;rc2;rct;bin;rgs;gif;jpg;jpeg;jpe;resx;tiff;tif;png;wav;mfcribbon-ms</Extensions>
    </Filter>
  </ItemGroup>
  <ItemGroup>
    <ClCompile Include="main.cpp">
      <Filter>Archivos de origen</Filter>
    </ClCompile>
    <ClCompile Include="GLUtils.cpp">
      <Filter>Archivos de origen</Filter>
    </ClCompile>
    <ClCompile Include="GLController.cpp">
      <Filter>Archivos de origen</Filter>
    </ClCompile>
    <ClCompile Include="GLFigure.cpp">
      <Filter>Archivos de origen</Filter>
    </ClCompile>
    <ClCompile Include="SnowMan.cpp">
      <Filter>Archivos de origen</Filter>
    </ClCompile>
    <ClCompile Include="old.cpp">
      <Filter>Archivos de origen</Filter>
    </ClCompile>
    <ClCompile Include="Table2.cpp">
      <Filter>Archivos de origen</Filter>
    </ClCompile>
    <ClCompile Include="FrameTimer.cpp">
      <Filter>Archivos de origen</Filter>
    </ClCompile>
    <ClCompile Include="GLAdvanceFigure.cpp">
      <Filter>Archivos de origen</Filter>
    </ClCompile>
    <ClCompile Include="pcxLoader.cpp">
      <Filter>Archivos de recursos</Filter>
    </ClCompile>
    <ClCompile Include="MD2File.cpp">
      <Filter>Archivos de origen</Filter>
    </ClCompile>
  </ItemGroup>
  <ItemGroup>
    <ClInclude Include="GLUtils.h">
      <Filter>Archivos de encabezado</Filter>
    </ClInclude>
    <ClInclude Include="GLFigure.h">
      <Filter>Archivos de encabezado</Filter>
    </ClInclude>
    <ClInclude Include="glut.h">
      <Filter>Archivos de recursos</Filter>
    </ClInclude>
    <ClInclude Include="GLController.h">
      <Filter>Archivos de encabezado</Filter>
    </ClInclude>
    <ClInclude Include="FrameTimer.h">
      <Filter>Archivos de encabezado</Filter>
    </ClInclude>
    <ClInclude Include="GLAdvancedFigure.h">
      <Filter>Archivos de encabezado</Filter>
    </ClInclude>
    <ClInclude Include="pcxLoader.h">
      <Filter>Archivos de recursos</Filter>
    </ClInclude>
    <ClInclude Include="MD2File.h">
      <Filter>Archivos de encabezado</Filter>
    </ClInclude>
  </ItemGroup>
  <ItemGroup>
    <Image Include="klondike.bmp">
      <Filter>Archivos de recursos</Filter>
    </Image>
  </ItemGroup>
</Project>